
Microsoft Visual Studio Solution File, Format Version 12.00
# Visual Studio Version 16
VisualStudioVersion = 16.0.31105.61
MinimumVisualStudioVersion = 10.0.40219.1
Project("{FAE04EC0-301F-11D3-BF4B-00C04F79EFBC}") = "WindowsForms", "WindowsForms\WindowsForms.csproj", "{5BCEB604-3E50-41ED-85E5-13F0C1A8168D}"
EndProject
Global
	GlobalSection(SolutionConfigurationPlatforms) = preSolution
		Debug|Any CPU = Debug|Any CPU
		Release|Any CPU = Release|Any CPU
	EndGlobalSection
	GlobalSection(ProjectConfigurationPlatforms) = postSolution
		{5BCEB604-3E50-41ED-85E5-13F0C1A8168D}.Debug|Any CPU.ActiveCfg = Debug|Any CPU
		{5BCEB604-3E50-41ED-85E5-13F0C1A8168D}.Debug|Any CPU.Build.0 = Debug|Any CPU
		{5BCEB604-3E50-41ED-85E5-13F0C1A8168D}.Release|Any CPU.ActiveCfg = Release|Any CPU
		{5BCEB604-3E50-41ED-85E5-13F0C1A8168D}.Release|Any CPU.Build.0 = Release|Any CPU
	EndGlobalSection
	GlobalSection(SolutionProperties) = preSolution
		HideSolutionNode = FALSE
	EndGlobalSection
	GlobalSection(ExtensibilityGlobals) = postSolution
		SolutionGuid = {007891DA-648E-4F94-B9E4-E46DFC08FAD6}
	EndGlobalSection
EndGlobal
